// !$*UTF8*$!
{
	archiveVersion = 1;
	classes = {
	};
	objectVersion = 46;
	objects = {

/* Begin PBXBuildFile section */
		00B247131B0954A6006C0DEF /* main.m in Sources */ = {isa = PBXBuildFile; fileRef = 00B247121B0954A6006C0DEF /* main.m */; };
		00B247161B0954A6006C0DEF /* AppDelegate.m in Sources */ = {isa = PBXBuildFile; fileRef = 00B247151B0954A6006C0DEF /* AppDelegate.m */; };
		00B247191B0954A6006C0DEF /* LEEditPictureControllerDemo.xcdatamodeld in Sources */ = {isa = PBXBuildFile; fileRef = 00B247171B0954A6006C0DEF /* LEEditPictureControllerDemo.xcdatamodeld */; };
		00B2471C1B0954A6006C0DEF /* ViewController.m in Sources */ = {isa = PBXBuildFile; fileRef = 00B2471B1B0954A6006C0DEF /* ViewController.m */; };
		00B2471F1B0954A6006C0DEF /* Main.storyboard in Resources */ = {isa = PBXBuildFile; fileRef = 00B2471D1B0954A6006C0DEF /* Main.storyboard */; };
		00B247211B0954A6006C0DEF /* Images.xcassets in Resources */ = {isa = PBXBuildFile; fileRef = 00B247201B0954A6006C0DEF /* Images.xcassets */; };
		00B247241B0954A6006C0DEF /* LaunchScreen.xib in Resources */ = {isa = PBXBuildFile; fileRef = 00B247221B0954A6006C0DEF /* LaunchScreen.xib */; };
		00B247301B0954A6006C0DEF /* LEEditPictureControllerDemoTests.m in Sources */ = {isa = PBXBuildFile; fileRef = 00B2472F1B0954A6006C0DEF /* LEEditPictureControllerDemoTests.m */; };
		00B2474A1B096C6E006C0DEF /* CameraRoundOverlay.m in Sources */ = {isa = PBXBuildFile; fileRef = 00B247451B096C6E006C0DEF /* CameraRoundOverlay.m */; };
		00B2474B1B096C6E006C0DEF /* LEEditPictureViewController.m in Sources */ = {isa = PBXBuildFile; fileRef = 00B247471B096C6E006C0DEF /* LEEditPictureViewController.m */; };
		00B2474C1B096C6E006C0DEF /* UIImage+Utils.m in Sources */ = {isa = PBXBuildFile; fileRef = 00B247491B096C6E006C0DEF /* UIImage+Utils.m */; };
/* End PBXBuildFile section */

/* Begin PBXContainerItemProxy section */
		00B2472A1B0954A6006C0DEF /* PBXContainerItemProxy */ = {
			isa = PBXContainerItemProxy;
			containerPortal = 00B247051B0954A6006C0DEF /* Project object */;
			proxyType = 1;
			remoteGlobalIDString = 00B2470C1B0954A6006C0DEF;
			remoteInfo = LEEditPictureControllerDemo;
		};
/* End PBXContainerItemProxy section */

/* Begin PBXFileReference section */
		00B2470D1B0954A6006C0DEF /* LEEditPictureControllerDemo.app */ = {isa = PBXFileReference; explicitFileType = wrapper.application; includeInIndex = 0; path = LEEditPictureControllerDemo.app; sourceTree = BUILT_PRODUCTS_DIR; };
		00B247111B0954A6006C0DEF /* Info.plist */ = {isa = PBXFileReference; lastKnownFileType = text.plist.xml; path = Info.plist; sourceTree = "<group>"; };
		00B247121B0954A6006C0DEF /* main.m */ = {isa = PBXFileReference; lastKnownFileType = sourcecode.c.objc; path = main.m; sourceTree = "<group>"; };
		00B247141B0954A6006C0DEF /* AppDelegate.h */ = {isa = PBXFileReference; lastKnownFileType = sourcecode.c.h; path = AppDelegate.h; sourceTree = "<group>"; };
		00B247151B0954A6006C0DEF /* AppDelegate.m */ = {isa = PBXFileReference; lastKnownFileType = sourcecode.c.objc; path = AppDelegate.m; sourceTree = "<group>"; };
		00B247181B0954A6006C0DEF /* LEEditPictureControllerDemo.xcdatamodel */ = {isa = PBXFileReference; lastKnownFileType = wrapper.xcdatamodel; path = LEEditPictureControllerDemo.xcdatamodel; sourceTree = "<group>"; };
		00B2471A1B0954A6006C0DEF /* ViewController.h */ = {isa = PBXFileReference; lastKnownFileType = sourcecode.c.h; path = ViewController.h; sourceTree = "<group>"; };
		00B2471B1B0954A6006C0DEF /* ViewController.m */ = {isa = PBXFileReference; lastKnownFileType = sourcecode.c.objc; path = ViewController.m; sourceTree = "<group>"; };
		00B2471E1B0954A6006C0DEF /* Base */ = {isa = PBXFileReference; lastKnownFileType = file.storyboard; name = Base; path = Base.lproj/Main.storyboard; sourceTree = "<group>"; };
		00B247201B0954A6006C0DEF /* Images.xcassets */ = {isa = PBXFileReference; lastKnownFileType = folder.assetcatalog; path = Images.xcassets; sourceTree = "<group>"; };
		00B247231B0954A6006C0DEF /* Base */ = {isa = PBXFileReference; lastKnownFileType = file.xib; name = Base; path = Base.lproj/LaunchScreen.xib; sourceTree = "<group>"; };
		00B247291B0954A6006C0DEF /* LEEditPictureControllerDemoTests.xctest */ = {isa = PBXFileReference; explicitFileType = wrapper.cfbundle; includeInIndex = 0; path = LEEditPictureControllerDemoTests.xctest; sourceTree = BUILT_PRODUCTS_DIR; };
		00B2472E1B0954A6006C0DEF /* Info.plist */ = {isa = PBXFileReference; lastKnownFileType = text.plist.xml; path = Info.plist; sourceTree = "<group>"; };
		00B2472F1B0954A6006C0DEF /* LEEditPictureControllerDemoTests.m */ = {isa = PBXFileReference; lastKnownFileType = sourcecode.c.objc; path = LEEditPictureControllerDemoTests.m; sourceTree = "<group>"; };
		00B247441B096C6E006C0DEF /* CameraRoundOverlay.h */ = {isa = PBXFileReference; fileEncoding = 4; lastKnownFileType = sourcecode.c.h; path = CameraRoundOverlay.h; sourceTree = "<group>"; };
		00B247451B096C6E006C0DEF /* CameraRoundOverlay.m */ = {isa = PBXFileReference; fileEncoding = 4; lastKnownFileType = sourcecode.c.objc; path = CameraRoundOverlay.m; sourceTree = "<group>"; };
		00B247461B096C6E006C0DEF /* LEEditPictureViewController.h */ = {isa = PBXFileReference; fileEncoding = 4; lastKnownFileType = sourcecode.c.h; path = LEEditPictureViewController.h; sourceTree = "<group>"; };
		00B247471B096C6E006C0DEF /* LEEditPictureViewController.m */ = {isa = PBXFileReference; fileEncoding = 4; lastKnownFileType = sourcecode.c.objc; path = LEEditPictureViewController.m; sourceTree = "<group>"; };
		00B247481B096C6E006C0DEF /* UIImage+Utils.h */ = {isa = PBXFileReference; fileEncoding = 4; lastKnownFileType = sourcecode.c.h; path = "UIImage+Utils.h"; sourceTree = "<group>"; };
		00B247491B096C6E006C0DEF /* UIImage+Utils.m */ = {isa = PBXFileReference; fileEncoding = 4; lastKnownFileType = sourcecode.c.objc; path = "UIImage+Utils.m"; sourceTree = "<group>"; };
/* End PBXFileReference section */

/* Begin PBXFrameworksBuildPhase section */
		00B2470A1B0954A6006C0DEF /* Frameworks */ = {
			isa = PBXFrameworksBuildPhase;
			buildActionMask = 2147483647;
			files = (
			);
			runOnlyForDeploymentPostprocessing = 0;
		};
		00B247261B0954A6006C0DEF /* Frameworks */ = {
			isa = PBXFrameworksBuildPhase;
			buildActionMask = 2147483647;
			files = (
			);
			runOnlyForDeploymentPostprocessing = 0;
		};
/* End PBXFrameworksBuildPhase section */

/* Begin PBXGroup section */
		00B247041B0954A6006C0DEF = {
			isa = PBXGroup;
			children = (
				00B2470F1B0954A6006C0DEF /* LEEditPictureControllerDemo */,
				00B2472C1B0954A6006C0DEF /* LEEditPictureControllerDemoTests */,
				00B2470E1B0954A6006C0DEF /* Products */,
			);
			sourceTree = "<group>";
		};
		00B2470E1B0954A6006C0DEF /* Products */ = {
			isa = PBXGroup;
			children = (
				00B2470D1B0954A6006C0DEF /* LEEditPictureControllerDemo.app */,
				00B247291B0954A6006C0DEF /* LEEditPictureControllerDemoTests.xctest */,
			);
			name = Products;
			sourceTree = "<group>";
		};
		00B2470F1B0954A6006C0DEF /* LEEditPictureControllerDemo */ = {
			isa = PBXGroup;
			children = (
				00B247431B096C6E006C0DEF /* LEEditPictureController */,
				00B247141B0954A6006C0DEF /* AppDelegate.h */,
				00B247151B0954A6006C0DEF /* AppDelegate.m */,
				00B2471A1B0954A6006C0DEF /* ViewController.h */,
				00B2471B1B0954A6006C0DEF /* ViewController.m */,
				00B2471D1B0954A6006C0DEF /* Main.storyboard */,
				00B247201B0954A6006C0DEF /* Images.xcassets */,
				00B247221B0954A6006C0DEF /* LaunchScreen.xib */,
				00B247171B0954A6006C0DEF /* LEEditPictureControllerDemo.xcdatamodeld */,
				00B247101B0954A6006C0DEF /* Supporting Files */,
			);
			path = LEEditPictureControllerDemo;
			sourceTree = "<group>";
		};
		00B247101B0954A6006C0DEF /* Supporting Files */ = {
			isa = PBXGroup;
			children = (
				00B247111B0954A6006C0DEF /* Info.plist */,
				00B247121B0954A6006C0DEF /* main.m */,
			);
			name = "Supporting Files";
			sourceTree = "<group>";
		};
		00B2472C1B0954A6006C0DEF /* LEEditPictureControllerDemoTests */ = {
			isa = PBXGroup;
			children = (
				00B2472F1B0954A6006C0DEF /* LEEditPictureControllerDemoTests.m */,
				00B2472D1B0954A6006C0DEF /* Supporting Files */,
			);
			path = LEEditPictureControllerDemoTests;
			sourceTree = "<group>";
		};
		00B2472D1B0954A6006C0DEF /* Supporting Files */ = {
			isa = PBXGroup;
			children = (
				00B2472E1B0954A6006C0DEF /* Info.plist */,
			);
			name = "Supporting Files";
			sourceTree = "<group>";
		};
		00B247431B096C6E006C0DEF /* LEEditPictureController */ = {
			isa = PBXGroup;
			children = (
				00B247441B096C6E006C0DEF /* CameraRoundOverlay.h */,
				00B247451B096C6E006C0DEF /* CameraRoundOverlay.m */,
				00B247461B096C6E006C0DEF /* LEEditPictureViewController.h */,
				00B247471B096C6E006C0DEF /* LEEditPictureViewController.m */,
				00B247481B096C6E006C0DEF /* UIImage+Utils.h */,
				00B247491B096C6E006C0DEF /* UIImage+Utils.m */,
			);
			path = LEEditPictureController;
			sourceTree = "<group>";
		};
/* End PBXGroup section */

/* Begin PBXNativeTarget section */
		00B2470C1B0954A6006C0DEF /* LEEditPictureControllerDemo */ = {
			isa = PBXNativeTarget;
			buildConfigurationList = 00B247331B0954A6006C0DEF /* Build configuration list for PBXNativeTarget "LEEditPictureControllerDemo" */;
			buildPhases = (
				00B247091B0954A6006C0DEF /* Sources */,
				00B2470A1B0954A6006C0DEF /* Frameworks */,
				00B2470B1B0954A6006C0DEF /* Resources */,
			);
			buildRules = (
			);
			dependencies = (
			);
			name = LEEditPictureControllerDemo;
			productName = LEEditPictureControllerDemo;
			productReference = 00B2470D1B0954A6006C0DEF /* LEEditPictureControllerDemo.app */;
			productType = "com.apple.product-type.application";
		};
		00B247281B0954A6006C0DEF /* LEEditPictureControllerDemoTests */ = {
			isa = PBXNativeTarget;
			buildConfigurationList = 00B247361B0954A6006C0DEF /* Build configuration list for PBXNativeTarget "LEEditPictureControllerDemoTests" */;
			buildPhases = (
				00B247251B0954A6006C0DEF /* Sources */,
				00B247261B0954A6006C0DEF /* Frameworks */,
				00B247271B0954A6006C0DEF /* Resources */,
			);
			buildRules = (
			);
			dependencies = (
				00B2472B1B0954A6006C0DEF /* PBXTargetDependency */,
			);
			name = LEEditPictureControllerDemoTests;
			productName = LEEditPictureControllerDemoTests;
			productReference = 00B247291B0954A6006C0DEF /* LEEditPictureControllerDemoTests.xctest */;
			productType = "com.apple.product-type.bundle.unit-test";
		};
/* End PBXNativeTarget section */

/* Begin PBXProject section */
		00B247051B0954A6006C0DEF /* Project object */ = {
			isa = PBXProject;
			attributes = {
				LastUpgradeCheck = 0630;
				ORGANIZATIONNAME = "Lucas Eduardo";
				TargetAttributes = {
					00B2470C1B0954A6006C0DEF = {
						CreatedOnToolsVersion = 6.3.1;
					};
					00B247281B0954A6006C0DEF = {
						CreatedOnToolsVersion = 6.3.1;
						TestTargetID = 00B2470C1B0954A6006C0DEF;
					};
				};
			};
			buildConfigurationList = 00B247081B0954A6006C0DEF /* Build configuration list for PBXProject "LEEditPictureControllerDemo" */;
			compatibilityVersion = "Xcode 3.2";
			developmentRegion = English;
			hasScannedForEncodings = 0;
			knownRegions = (
				en,
				Base,
			);
			mainGroup = 00B247041B0954A6006C0DEF;
			productRefGroup = 00B2470E1B0954A6006C0DEF /* Products */;
			projectDirPath = "";
			projectRoot = "";
			targets = (
				00B2470C1B0954A6006C0DEF /* LEEditPictureControllerDemo */,
				00B247281B0954A6006C0DEF /* LEEditPictureControllerDemoTests */,
			);
		};
/* End PBXProject section */

/* Begin PBXResourcesBuildPhase section */
		00B2470B1B0954A6006C0DEF /* Resources */ = {
			isa = PBXResourcesBuildPhase;
			buildActionMask = 2147483647;
			files = (
				00B2471F1B0954A6006C0DEF /* Main.storyboard in Resources */,
				00B247241B0954A6006C0DEF /* LaunchScreen.xib in Resources */,
				00B247211B0954A6006C0DEF /* Images.xcassets in Resources */,
			);
			runOnlyForDeploymentPostprocessing = 0;
		};
		00B247271B0954A6006C0DEF /* Resources */ = {
			isa = PBXResourcesBuildPhase;
			buildActionMask = 2147483647;
			files = (
			);
			runOnlyForDeploymentPostprocessing = 0;
		};
/* End PBXResourcesBuildPhase section */

/* Begin PBXSourcesBuildPhase section */
		00B247091B0954A6006C0DEF /* Sources */ = {
			isa = PBXSourcesBuildPhase;
			buildActionMask = 2147483647;
			files = (
				00B247161B0954A6006C0DEF /* AppDelegate.m in Sources */,
				00B247191B0954A6006C0DEF /* LEEditPictureControllerDemo.xcdatamodeld in Sources */,
				00B2474B1B096C6E006C0DEF /* LEEditPictureViewController.m in Sources */,
				00B2474C1B096C6E006C0DEF /* UIImage+Utils.m in Sources */,
				00B2471C1B0954A6006C0DEF /* ViewController.m in Sources */,
				00B2474A1B096C6E006C0DEF /* CameraRoundOverlay.m in Sources */,
				00B247131B0954A6006C0DEF /* main.m in Sources */,
			);
			runOnlyForDeploymentPostprocessing = 0;
		};
		00B247251B0954A6006C0DEF /* Sources */ = {
			isa = PBXSourcesBuildPhase;
			buildActionMask = 2147483647;
			files = (
				00B247301B0954A6006C0DEF /* LEEditPictureControllerDemoTests.m in Sources */,
			);
			runOnlyForDeploymentPostprocessing = 0;
		};
/* End PBXSourcesBuildPhase section */

/* Begin PBXTargetDependency section */
		00B2472B1B0954A6006C0DEF /* PBXTargetDependency */ = {
			isa = PBXTargetDependency;
			target = 00B2470C1B0954A6006C0DEF /* LEEditPictureControllerDemo */;
			targetProxy = 00B2472A1B0954A6006C0DEF /* PBXContainerItemProxy */;
		};
/* End PBXTargetDependency section */

/* Begin PBXVariantGroup section */
		00B2471D1B0954A6006C0DEF /* Main.storyboard */ = {
			isa = PBXVariantGroup;
			children = (
				00B2471E1B0954A6006C0DEF /* Base */,
			);
			name = Main.storyboard;
			sourceTree = "<group>";
		};
		00B247221B0954A6006C0DEF /* LaunchScreen.xib */ = {
			isa = PBXVariantGroup;
			children = (
				00B247231B0954A6006C0DEF /* Base */,
			);
			name = LaunchScreen.xib;
			sourceTree = "<group>";
		};
/* End PBXVariantGroup section */

/* Begin XCBuildConfiguration section */
		00B247311B0954A6006C0DEF /* Debug */ = {
			isa = XCBuildConfiguration;
			buildSettings = {
				ALWAYS_SEARCH_USER_PATHS = NO;
				CLANG_CXX_LANGUAGE_STANDARD = "gnu++0x";
				CLANG_CXX_LIBRARY = "libc++";
				CLANG_ENABLE_MODULES = YES;
				CLANG_ENABLE_OBJC_ARC = YES;
				CLANG_WARN_BOOL_CONVERSION = YES;
				CLANG_WARN_CONSTANT_CONVERSION = YES;
				CLANG_WARN_DIRECT_OBJC_ISA_USAGE = YES_ERROR;
				CLANG_WARN_EMPTY_BODY = YES;
				CLANG_WARN_ENUM_CONVERSION = YES;
				CLANG_WARN_INT_CONVERSION = YES;
				CLANG_WARN_OBJC_ROOT_CLASS = YES_ERROR;
				CLANG_WARN_UNREACHABLE_CODE = YES;
				CLANG_WARN__DUPLICATE_METHOD_MATCH = YES;
				"CODE_SIGN_IDENTITY[sdk=iphoneos*]" = "iPhone Developer";
				COPY_PHASE_STRIP = NO;
				DEBUG_INFORMATION_FORMAT = "dwarf-with-dsym";
				ENABLE_STRICT_OBJC_MSGSEND = YES;
				GCC_C_LANGUAGE_STANDARD = gnu99;
				GCC_DYNAMIC_NO_PIC = NO;
				GCC_NO_COMMON_BLOCKS = YES;
				GCC_OPTIMIZATION_LEVEL = 0;
				GCC_PREPROCESSOR_DEFINITIONS = (
					"DEBUG=1",
					"$(inherited)",
				);
				GCC_SYMBOLS_PRIVATE_EXTERN = NO;
				GCC_WARN_64_TO_32_BIT_CONVERSION = YES;
				GCC_WARN_ABOUT_RETURN_TYPE = YES_ERROR;
				GCC_WARN_UNDECLARED_SELECTOR = YES;
				GCC_WARN_UNINITIALIZED_AUTOS = YES_AGGRESSIVE;
				GCC_WARN_UNUSED_FUNCTION = YES;
				GCC_WARN_UNUSED_VARIABLE = YES;
				IPHONEOS_DEPLOYMENT_TARGET = 8.3;
				MTL_ENABLE_DEBUG_INFO = YES;
				ONLY_ACTIVE_ARCH = YES;
				SDKROOT = iphoneos;
			};
			name = Debug;
		};
		00B247321B0954A6006C0DEF /* Release */ = {
			isa = XCBuildConfiguration;
			buildSettings = {
				ALWAYS_SEARCH_USER_PATHS = NO;
				CLANG_CXX_LANGUAGE_STANDARD = "gnu++0x";
				CLANG_CXX_LIBRARY = "libc++";
				CLANG_ENABLE_MODULES = YES;
				CLANG_ENABLE_OBJC_ARC = YES;
				CLANG_WARN_BOOL_CONVERSION = YES;
				CLANG_WARN_CONSTANT_CONVERSION = YES;
				CLANG_WARN_DIRECT_OBJC_ISA_USAGE = YES_ERROR;
				CLANG_WARN_EMPTY_BODY = YES;
				CLANG_WARN_ENUM_CONVERSION = YES;
				CLANG_WARN_INT_CONVERSION = YES;
				CLANG_WARN_OBJC_ROOT_CLASS = YES_ERROR;
				CLANG_WARN_UNREACHABLE_CODE = YES;
				CLANG_WARN__DUPLICATE_METHOD_MATCH = YES;
				"CODE_SIGN_IDENTITY[sdk=iphoneos*]" = "iPhone Developer";
				COPY_PHASE_STRIP = NO;
				DEBUG_INFORMATION_FORMAT = "dwarf-with-dsym";
				ENABLE_NS_ASSERTIONS = NO;
				ENABLE_STRICT_OBJC_MSGSEND = YES;
				GCC_C_LANGUAGE_STANDARD = gnu99;
				GCC_NO_COMMON_BLOCKS = YES;
				GCC_WARN_64_TO_32_BIT_CONVERSION = YES;
				GCC_WARN_ABOUT_RETURN_TYPE = YES_ERROR;
				GCC_WARN_UNDECLARED_SELECTOR = YES;
				GCC_WARN_UNINITIALIZED_AUTOS = YES_AGGRESSIVE;
				GCC_WARN_UNUSED_FUNCTION = YES;
				GCC_WARN_UNUSED_VARIABLE = YES;
				IPHONEOS_DEPLOYMENT_TARGET = 8.3;
				MTL_ENABLE_DEBUG_INFO = NO;
				SDKROOT = iphoneos;
				VALIDATE_PRODUCT = YES;
			};
			name = Release;
		};
		00B247341B0954A6006C0DEF /* Debug */ = {
			isa = XCBuildConfiguration;
			buildSettings = {
				ASSETCATALOG_COMPILER_APPICON_NAME = AppIcon;
				INFOPLIST_FILE = LEEditPictureControllerDemo/Info.plist;
				LD_RUNPATH_SEARCH_PATHS = "$(inherited) @executable_path/Frameworks";
				PRODUCT_NAME = "$(TARGET_NAME)";
			};
			name = Debug;
		};
		00B247351B0954A6006C0DEF /* Release */ = {
			isa = XCBuildConfiguration;
			buildSettings = {
				ASSETCATALOG_COMPILER_APPICON_NAME = AppIcon;
				INFOPLIST_FILE = LEEditPictureControllerDemo/Info.plist;
				LD_RUNPATH_SEARCH_PATHS = "$(inherited) @executable_path/Frameworks";
				PRODUCT_NAME = "$(TARGET_NAME)";
			};
			name = Release;
		};
		00B247371B0954A6006C0DEF /* Debug */ = {
			isa = XCBuildConfiguration;
			buildSettings = {
				BUNDLE_LOADER = "$(TEST_HOST)";
				FRAMEWORK_SEARCH_PATHS = (
					"$(SDKROOT)/Developer/Library/Frameworks",
					"$(inherited)",
				);
				GCC_PREPROCESSOR_DEFINITIONS = (
					"DEBUG=1",
					"$(inherited)",
				);
				INFOPLIST_FILE = LEEditPictureControllerDemoTests/Info.plist;
				LD_RUNPATH_SEARCH_PATHS = "$(inherited) @executable_path/Frameworks @loader_path/Frameworks";
				PRODUCT_NAME = "$(TARGET_NAME)";
				TEST_HOST = "$(BUILT_PRODUCTS_DIR)/LEEditPictureControllerDemo.app/LEEditPictureControllerDemo";
			};
			name = Debug;
		};
		00B247381B0954A6006C0DEF /* Release */ = {
			isa = XCBuildConfiguration;
			buildSettings = {
				BUNDLE_LOADER = "$(TEST_HOST)";
				FRAMEWORK_SEARCH_PATHS = (
					"$(SDKROOT)/Developer/Library/Frameworks",
					"$(inherited)",
				);
				INFOPLIST_FILE = LEEditPictureControllerDemoTests/Info.plist;
				LD_RUNPATH_SEARCH_PATHS = "$(inherited) @executable_path/Frameworks @loader_path/Frameworks";
				PRODUCT_NAME = "$(TARGET_NAME)";
				TEST_HOST = "$(BUILT_PRODUCTS_DIR)/LEEditPictureControllerDemo.app/LEEditPictureControllerDemo";
			};
			name = Release;
		};
/* End XCBuildConfiguration section */

/* Begin XCConfigurationList section */
		00B247081B0954A6006C0DEF /* Build configuration list for PBXProject "LEEditPictureControllerDemo" */ = {
			isa = XCConfigurationList;
			buildConfigurations = (
				00B247311B0954A6006C0DEF /* Debug */,
				00B247321B0954A6006C0DEF /* Release */,
			);
			defaultConfigurationIsVisible = 0;
			defaultConfigurationName = Release;
		};
		00B247331B0954A6006C0DEF /* Build configuration list for PBXNativeTarget "LEEditPictureControllerDemo" */ = {
			isa = XCConfigurationList;
			buildConfigurations = (
				00B247341B0954A6006C0DEF /* Debug */,
				00B247351B0954A6006C0DEF /* Release */,
			);
			defaultConfigurationIsVisible = 0;
		};
		00B247361B0954A6006C0DEF /* Build configuration list for PBXNativeTarget "LEEditPictureControllerDemoTests" */ = {
			isa = XCConfigurationList;
			buildConfigurations = (
				00B247371B0954A6006C0DEF /* Debug */,
				00B247381B0954A6006C0DEF /* Release */,
			);
			defaultConfigurationIsVisible = 0;
		};
/* End XCConfigurationList section */

/* Begin XCVersionGroup section */
		00B247171B0954A6006C0DEF /* LEEditPictureControllerDemo.xcdatamodeld */ = {
			isa = XCVersionGroup;
			children = (
				00B247181B0954A6006C0DEF /* LEEditPictureControllerDemo.xcdatamodel */,
			);
			currentVersion = 00B247181B0954A6006C0DEF /* LEEditPictureControllerDemo.xcdatamodel */;
			path = LEEditPictureControllerDemo.xcdatamodeld;
			sourceTree = "<group>";
			versionGroupType = wrapper.xcdatamodel;
		};
/* End XCVersionGroup section */
	};
	rootObject = 00B247051B0954A6006C0DEF /* Project object */;
}
